
Microsoft Visual Studio Solution File, Format Version 12.00
# Visual Studio Version 17
VisualStudioVersion = 17.5.33516.290
MinimumVisualStudioVersion = 10.0.40219.1
Project("{9A19103F-16F7-4668-BE54-9A1E7A4F7556}") = "BudgetControl.CLI", "BudgetControl.CLI.csproj", "{35EEBDD1-93FE-42FF-BA91-80E009217EF2}"
	ProjectSection(ProjectDependencies) = postProject
		{0CE38013-E149-4864-AA25-3E44CCCE6475} = {0CE38013-E149-4864-AA25-3E44CCCE6475}
	EndProjectSection
EndProject
Project("{9A19103F-16F7-4668-BE54-9A1E7A4F7556}") = "BudgetControl.Infrastructure", "..\BudgetControl.Infrastructure\BudgetControl.Infrastructure.csproj", "{5E7AA112-705C-4C5A-9F35-C7EE02E1CCBE}"
	ProjectSection(ProjectDependencies) = postProject
		{DA9AD0F1-AACB-4544-931A-F2769581D843} = {DA9AD0F1-AACB-4544-931A-F2769581D843}
	EndProjectSection
EndProject
Project("{9A19103F-16F7-4668-BE54-9A1E7A4F7556}") = "BudgetControl.Domain", "..\BudgetControl.Domain\BudgetControl.Domain.csproj", "{DA9AD0F1-AACB-4544-931A-F2769581D843}"
EndProject
Project("{9A19103F-16F7-4668-BE54-9A1E7A4F7556}") = "BudgetControl.Presentation", "..\BudgetControl.Presentation\BudgetControl.Presentation.csproj", "{0CE38013-E149-4864-AA25-3E44CCCE6475}"
	ProjectSection(ProjectDependencies) = postProject
		{5E7AA112-705C-4C5A-9F35-C7EE02E1CCBE} = {5E7AA112-705C-4C5A-9F35-C7EE02E1CCBE}
		{D8E0B3B8-7E94-45D3-9AB9-1C9D0D94E0E9} = {D8E0B3B8-7E94-45D3-9AB9-1C9D0D94E0E9}
		{DA9AD0F1-AACB-4544-931A-F2769581D843} = {DA9AD0F1-AACB-4544-931A-F2769581D843}
	EndProjectSection
EndProject
Project("{9A19103F-16F7-4668-BE54-9A1E7A4F7556}") = "BudgetControl.Application", "..\BudgetControl.Application\BudgetControl.Application.csproj", "{D8E0B3B8-7E94-45D3-9AB9-1C9D0D94E0E9}"
	ProjectSection(ProjectDependencies) = postProject
		{5E7AA112-705C-4C5A-9F35-C7EE02E1CCBE} = {5E7AA112-705C-4C5A-9F35-C7EE02E1CCBE}
		{DA9AD0F1-AACB-4544-931A-F2769581D843} = {DA9AD0F1-AACB-4544-931A-F2769581D843}
	EndProjectSection
EndProject
Global
	GlobalSection(SolutionConfigurationPlatforms) = preSolution
		Debug|Any CPU = Debug|Any CPU
		Release|Any CPU = Release|Any CPU
	EndGlobalSection
	GlobalSection(ProjectConfigurationPlatforms) = postSolution
		{35EEBDD1-93FE-42FF-BA91-80E009217EF2}.Debug|Any CPU.ActiveCfg = Debug|Any CPU
		{35EEBDD1-93FE-42FF-BA91-80E009217EF2}.Debug|Any CPU.Build.0 = Debug|Any CPU
		{35EEBDD1-93FE-42FF-BA91-80E009217EF2}.Release|Any CPU.ActiveCfg = Release|Any CPU
		{35EEBDD1-93FE-42FF-BA91-80E009217EF2}.Release|Any CPU.Build.0 = Release|Any CPU
		{5E7AA112-705C-4C5A-9F35-C7EE02E1CCBE}.Debug|Any CPU.ActiveCfg = Debug|Any CPU
		{5E7AA112-705C-4C5A-9F35-C7EE02E1CCBE}.Debug|Any CPU.Build.0 = Debug|Any CPU
		{5E7AA112-705C-4C5A-9F35-C7EE02E1CCBE}.Release|Any CPU.ActiveCfg = Release|Any CPU
		{5E7AA112-705C-4C5A-9F35-C7EE02E1CCBE}.Release|Any CPU.Build.0 = Release|Any CPU
		{DA9AD0F1-AACB-4544-931A-F2769581D843}.Debug|Any CPU.ActiveCfg = Debug|Any CPU
		{DA9AD0F1-AACB-4544-931A-F2769581D843}.Debug|Any CPU.Build.0 = Debug|Any CPU
		{DA9AD0F1-AACB-4544-931A-F2769581D843}.Release|Any CPU.ActiveCfg = Release|Any CPU
		{DA9AD0F1-AACB-4544-931A-F2769581D843}.Release|Any CPU.Build.0 = Release|Any CPU
		{0CE38013-E149-4864-AA25-3E44CCCE6475}.Debug|Any CPU.ActiveCfg = Debug|Any CPU
		{0CE38013-E149-4864-AA25-3E44CCCE6475}.Debug|Any CPU.Build.0 = Debug|Any CPU
		{0CE38013-E149-4864-AA25-3E44CCCE6475}.Release|Any CPU.ActiveCfg = Release|Any CPU
		{0CE38013-E149-4864-AA25-3E44CCCE6475}.Release|Any CPU.Build.0 = Release|Any CPU
		{D8E0B3B8-7E94-45D3-9AB9-1C9D0D94E0E9}.Debug|Any CPU.ActiveCfg = Debug|Any CPU
		{D8E0B3B8-7E94-45D3-9AB9-1C9D0D94E0E9}.Debug|Any CPU.Build.0 = Debug|Any CPU
		{D8E0B3B8-7E94-45D3-9AB9-1C9D0D94E0E9}.Release|Any CPU.ActiveCfg = Release|Any CPU
		{D8E0B3B8-7E94-45D3-9AB9-1C9D0D94E0E9}.Release|Any CPU.Build.0 = Release|Any CPU
	EndGlobalSection
	GlobalSection(SolutionProperties) = preSolution
		HideSolutionNode = FALSE
	EndGlobalSection
	GlobalSection(ExtensibilityGlobals) = postSolution
		SolutionGuid = {42804FCD-8C00-4523-A6DF-50D2C652B11D}
	EndGlobalSection
EndGlobal
